// !$*UTF8*$!
{
	archiveVersion = 1;
	classes = {
	};
	objectVersion = 48;
	objects = {

/* Begin PBXBuildFile section */
		C57DA790204D7CA400BA1ECF /* main.cpp in Sources */ = {isa = PBXBuildFile; fileRef = C57DA78F204D7CA400BA1ECF /* main.cpp */; };
		C5A11C0A2056C8E9003707A3 /* tree-2018.cc in Sources */ = {isa = PBXBuildFile; fileRef = C5A11C092056C8E9003707A3 /* tree-2018.cc */; };
		C5A11C0C2056C987003707A3 /* zad5.h in Sources */ = {isa = PBXBuildFile; fileRef = C5A11C0B2056C987003707A3 /* zad5.h */; };
/* End PBXBuildFile section */

/* Begin PBXCopyFilesBuildPhase section */
		C57DA78A204D7CA400BA1ECF /* CopyFiles */ = {
			isa = PBXCopyFilesBuildPhase;
			buildActionMask = 2147483647;
			dstPath = /usr/share/man/man1/;
			dstSubfolderSpec = 0;
			files = (
			);
			runOnlyForDeploymentPostprocessing = 1;
		};
/* End PBXCopyFilesBuildPhase section */

/* Begin PBXFileReference section */
		C5117A0F2057020C00738FC9 /* zad4.h */ = {isa = PBXFileReference; lastKnownFileType = sourcecode.c.h; path = zad4.h; sourceTree = "<group>"; };
		C57DA78C204D7CA400BA1ECF /* lista2 */ = {isa = PBXFileReference; explicitFileType = "compiled.mach-o.executable"; includeInIndex = 0; path = lista2; sourceTree = BUILT_PRODUCTS_DIR; };
		C57DA78F204D7CA400BA1ECF /* main.cpp */ = {isa = PBXFileReference; lastKnownFileType = sourcecode.cpp.cpp; path = main.cpp; sourceTree = "<group>"; };
		C5A11C092056C8E9003707A3 /* tree-2018.cc */ = {isa = PBXFileReference; fileEncoding = 4; lastKnownFileType = sourcecode.cpp.cpp; path = "tree-2018.cc"; sourceTree = "<group>"; };
		C5A11C0B2056C987003707A3 /* zad5.h */ = {isa = PBXFileReference; lastKnownFileType = sourcecode.c.h; path = zad5.h; sourceTree = "<group>"; };
		C5A11C0D2056CEE7003707A3 /* zad6.h */ = {isa = PBXFileReference; lastKnownFileType = sourcecode.c.h; path = zad6.h; sourceTree = "<group>"; };
		C5A11C0E2056D685003707A3 /* zad7.h */ = {isa = PBXFileReference; lastKnownFileType = sourcecode.c.h; path = zad7.h; sourceTree = "<group>"; };
		C5A11C0F2056DC52003707A3 /* zad8.h */ = {isa = PBXFileReference; lastKnownFileType = sourcecode.c.h; path = zad8.h; sourceTree = "<group>"; };
		C5EA644720612BC8000526CB /* zad12.h */ = {isa = PBXFileReference; lastKnownFileType = sourcecode.c.h; path = zad12.h; sourceTree = "<group>"; };
		C5EA6449206138F7000526CB /* zad13.h */ = {isa = PBXFileReference; lastKnownFileType = sourcecode.c.h; path = zad13.h; sourceTree = "<group>"; };
		C5EA644A20613E40000526CB /* zad15.h */ = {isa = PBXFileReference; lastKnownFileType = sourcecode.c.h; path = zad15.h; sourceTree = "<group>"; };
/* End PBXFileReference section */

/* Begin PBXFrameworksBuildPhase section */
		C57DA789204D7CA400BA1ECF /* Frameworks */ = {
			isa = PBXFrameworksBuildPhase;
			buildActionMask = 2147483647;
			files = (
			);
			runOnlyForDeploymentPostprocessing = 0;
		};
/* End PBXFrameworksBuildPhase section */

/* Begin PBXGroup section */
		C57DA783204D7CA400BA1ECF = {
			isa = PBXGroup;
			children = (
				C57DA78E204D7CA400BA1ECF /* lista2 */,
				C57DA78D204D7CA400BA1ECF /* Products */,
			);
			sourceTree = "<group>";
		};
		C57DA78D204D7CA400BA1ECF /* Products */ = {
			isa = PBXGroup;
			children = (
				C57DA78C204D7CA400BA1ECF /* lista2 */,
			);
			name = Products;
			sourceTree = "<group>";
		};
		C57DA78E204D7CA400BA1ECF /* lista2 */ = {
			isa = PBXGroup;
			children = (
				C5A11C092056C8E9003707A3 /* tree-2018.cc */,
				C57DA78F204D7CA400BA1ECF /* main.cpp */,
				C5117A0F2057020C00738FC9 /* zad4.h */,
				C5A11C0B2056C987003707A3 /* zad5.h */,
				C5A11C0D2056CEE7003707A3 /* zad6.h */,
				C5A11C0E2056D685003707A3 /* zad7.h */,
				C5A11C0F2056DC52003707A3 /* zad8.h */,
				C5EA644720612BC8000526CB /* zad12.h */,
				C5EA6449206138F7000526CB /* zad13.h */,
				C5EA644A20613E40000526CB /* zad15.h */,
			);
			path = lista2;
			sourceTree = "<group>";
		};
/* End PBXGroup section */

/* Begin PBXNativeTarget section */
		C57DA78B204D7CA400BA1ECF /* lista2 */ = {
			isa = PBXNativeTarget;
			buildConfigurationList = C57DA793204D7CA400BA1ECF /* Build configuration list for PBXNativeTarget "lista2" */;
			buildPhases = (
				C57DA788204D7CA400BA1ECF /* Sources */,
				C57DA789204D7CA400BA1ECF /* Frameworks */,
				C57DA78A204D7CA400BA1ECF /* CopyFiles */,
			);
			buildRules = (
			);
			dependencies = (
			);
			name = lista2;
			productName = lista2;
			productReference = C57DA78C204D7CA400BA1ECF /* lista2 */;
			productType = "com.apple.product-type.tool";
		};
/* End PBXNativeTarget section */

/* Begin PBXProject section */
		C57DA784204D7CA400BA1ECF /* Project object */ = {
			isa = PBXProject;
			attributes = {
				LastUpgradeCheck = 0910;
				ORGANIZATIONNAME = "Jan Śnieg";
				TargetAttributes = {
					C57DA78B204D7CA400BA1ECF = {
						CreatedOnToolsVersion = 9.1;
						ProvisioningStyle = Automatic;
					};
				};
			};
			buildConfigurationList = C57DA787204D7CA400BA1ECF /* Build configuration list for PBXProject "lista2" */;
			compatibilityVersion = "Xcode 8.0";
			developmentRegion = en;
			hasScannedForEncodings = 0;
			knownRegions = (
				en,
			);
			mainGroup = C57DA783204D7CA400BA1ECF;
			productRefGroup = C57DA78D204D7CA400BA1ECF /* Products */;
			projectDirPath = "";
			projectRoot = "";
			targets = (
				C57DA78B204D7CA400BA1ECF /* lista2 */,
			);
		};
/* End PBXProject section */

/* Begin PBXSourcesBuildPhase section */
		C57DA788204D7CA400BA1ECF /* Sources */ = {
			isa = PBXSourcesBuildPhase;
			buildActionMask = 2147483647;
			files = (
				C5A11C0A2056C8E9003707A3 /* tree-2018.cc in Sources */,
				C57DA790204D7CA400BA1ECF /* main.cpp in Sources */,
				C5A11C0C2056C987003707A3 /* zad5.h in Sources */,
			);
			runOnlyForDeploymentPostprocessing = 0;
		};
/* End PBXSourcesBuildPhase section */

/* Begin XCBuildConfiguration section */
		C57DA791204D7CA400BA1ECF /* Debug */ = {
			isa = XCBuildConfiguration;
			buildSettings = {
				ALWAYS_SEARCH_USER_PATHS = NO;
				CLANG_ANALYZER_NONNULL = YES;
				CLANG_ANALYZER_NUMBER_OBJECT_CONVERSION = YES_AGGRESSIVE;
				CLANG_CXX_LANGUAGE_STANDARD = "gnu++14";
				CLANG_CXX_LIBRARY = "libc++";
				CLANG_ENABLE_MODULES = YES;
				CLANG_ENABLE_OBJC_ARC = YES;
				CLANG_WARN_BLOCK_CAPTURE_AUTORELEASING = YES;
				CLANG_WARN_BOOL_CONVERSION = YES;
				CLANG_WARN_COMMA = YES;
				CLANG_WARN_CONSTANT_CONVERSION = YES;
				CLANG_WARN_DIRECT_OBJC_ISA_USAGE = YES_ERROR;
				CLANG_WARN_DOCUMENTATION_COMMENTS = YES;
				CLANG_WARN_EMPTY_BODY = YES;
				CLANG_WARN_ENUM_CONVERSION = YES;
				CLANG_WARN_INFINITE_RECURSION = YES;
				CLANG_WARN_INT_CONVERSION = YES;
				CLANG_WARN_NON_LITERAL_NULL_CONVERSION = YES;
				CLANG_WARN_OBJC_LITERAL_CONVERSION = YES;
				CLANG_WARN_OBJC_ROOT_CLASS = YES_ERROR;
				CLANG_WARN_RANGE_LOOP_ANALYSIS = YES;
				CLANG_WARN_STRICT_PROTOTYPES = YES;
				CLANG_WARN_SUSPICIOUS_MOVE = YES;
				CLANG_WARN_UNGUARDED_AVAILABILITY = YES_AGGRESSIVE;
				CLANG_WARN_UNREACHABLE_CODE = YES;
				CLANG_WARN__DUPLICATE_METHOD_MATCH = YES;
				CODE_SIGN_IDENTITY = "-";
				COPY_PHASE_STRIP = NO;
				DEBUG_INFORMATION_FORMAT = dwarf;
				ENABLE_STRICT_OBJC_MSGSEND = YES;
				ENABLE_TESTABILITY = YES;
				GCC_C_LANGUAGE_STANDARD = gnu11;
				GCC_DYNAMIC_NO_PIC = NO;
				GCC_NO_COMMON_BLOCKS = YES;
				GCC_OPTIMIZATION_LEVEL = 0;
				GCC_PREPROCESSOR_DEFINITIONS = (
					"DEBUG=1",
					"$(inherited)",
				);
				GCC_WARN_64_TO_32_BIT_CONVERSION = YES;
				GCC_WARN_ABOUT_RETURN_TYPE = YES_ERROR;
				GCC_WARN_UNDECLARED_SELECTOR = YES;
				GCC_WARN_UNINITIALIZED_AUTOS = YES_AGGRESSIVE;
				GCC_WARN_UNUSED_FUNCTION = YES;
				GCC_WARN_UNUSED_VARIABLE = YES;
				MACOSX_DEPLOYMENT_TARGET = 10.13;
				MTL_ENABLE_DEBUG_INFO = YES;
				ONLY_ACTIVE_ARCH = YES;
				SDKROOT = macosx;
			};
			name = Debug;
		};
		C57DA792204D7CA400BA1ECF /* Release */ = {
			isa = XCBuildConfiguration;
			buildSettings = {
				ALWAYS_SEARCH_USER_PATHS = NO;
				CLANG_ANALYZER_NONNULL = YES;
				CLANG_ANALYZER_NUMBER_OBJECT_CONVERSION = YES_AGGRESSIVE;
				CLANG_CXX_LANGUAGE_STANDARD = "gnu++14";
				CLANG_CXX_LIBRARY = "libc++";
				CLANG_ENABLE_MODULES = YES;
				CLANG_ENABLE_OBJC_ARC = YES;
				CLANG_WARN_BLOCK_CAPTURE_AUTORELEASING = YES;
				CLANG_WARN_BOOL_CONVERSION = YES;
				CLANG_WARN_COMMA = YES;
				CLANG_WARN_CONSTANT_CONVERSION = YES;
				CLANG_WARN_DIRECT_OBJC_ISA_USAGE = YES_ERROR;
				CLANG_WARN_DOCUMENTATION_COMMENTS = YES;
				CLANG_WARN_EMPTY_BODY = YES;
				CLANG_WARN_ENUM_CONVERSION = YES;
				CLANG_WARN_INFINITE_RECURSION = YES;
				CLANG_WARN_INT_CONVERSION = YES;
				CLANG_WARN_NON_LITERAL_NULL_CONVERSION = YES;
				CLANG_WARN_OBJC_LITERAL_CONVERSION = YES;
				CLANG_WARN_OBJC_ROOT_CLASS = YES_ERROR;
				CLANG_WARN_RANGE_LOOP_ANALYSIS = YES;
				CLANG_WARN_STRICT_PROTOTYPES = YES;
				CLANG_WARN_SUSPICIOUS_MOVE = YES;
				CLANG_WARN_UNGUARDED_AVAILABILITY = YES_AGGRESSIVE;
				CLANG_WARN_UNREACHABLE_CODE = YES;
				CLANG_WARN__DUPLICATE_METHOD_MATCH = YES;
				CODE_SIGN_IDENTITY = "-";
				COPY_PHASE_STRIP = NO;
				DEBUG_INFORMATION_FORMAT = "dwarf-with-dsym";
				ENABLE_NS_ASSERTIONS = NO;
				ENABLE_STRICT_OBJC_MSGSEND = YES;
				GCC_C_LANGUAGE_STANDARD = gnu11;
				GCC_NO_COMMON_BLOCKS = YES;
				GCC_WARN_64_TO_32_BIT_CONVERSION = YES;
				GCC_WARN_ABOUT_RETURN_TYPE = YES_ERROR;
				GCC_WARN_UNDECLARED_SELECTOR = YES;
				GCC_WARN_UNINITIALIZED_AUTOS = YES_AGGRESSIVE;
				GCC_WARN_UNUSED_FUNCTION = YES;
				GCC_WARN_UNUSED_VARIABLE = YES;
				MACOSX_DEPLOYMENT_TARGET = 10.13;
				MTL_ENABLE_DEBUG_INFO = NO;
				SDKROOT = macosx;
			};
			name = Release;
		};
		C57DA794204D7CA400BA1ECF /* Debug */ = {
			isa = XCBuildConfiguration;
			buildSettings = {
				CODE_SIGN_STYLE = Automatic;
				GCC_NO_COMMON_BLOCKS = NO;
				PRODUCT_NAME = "$(TARGET_NAME)";
			};
			name = Debug;
		};
		C57DA795204D7CA400BA1ECF /* Release */ = {
			isa = XCBuildConfiguration;
			buildSettings = {
				CODE_SIGN_STYLE = Automatic;
				GCC_NO_COMMON_BLOCKS = NO;
				PRODUCT_NAME = "$(TARGET_NAME)";
			};
			name = Release;
		};
/* End XCBuildConfiguration section */

/* Begin XCConfigurationList section */
		C57DA787204D7CA400BA1ECF /* Build configuration list for PBXProject "lista2" */ = {
			isa = XCConfigurationList;
			buildConfigurations = (
				C57DA791204D7CA400BA1ECF /* Debug */,
				C57DA792204D7CA400BA1ECF /* Release */,
			);
			defaultConfigurationIsVisible = 0;
			defaultConfigurationName = Release;
		};
		C57DA793204D7CA400BA1ECF /* Build configuration list for PBXNativeTarget "lista2" */ = {
			isa = XCConfigurationList;
			buildConfigurations = (
				C57DA794204D7CA400BA1ECF /* Debug */,
				C57DA795204D7CA400BA1ECF /* Release */,
			);
			defaultConfigurationIsVisible = 0;
			defaultConfigurationName = Release;
		};
/* End XCConfigurationList section */
	};
	rootObject = C57DA784204D7CA400BA1ECF /* Project object */;
}
